
Microsoft Visual Studio Solution File, Format Version 12.00
# Visual Studio 15
VisualStudioVersion = 15.0.28010.2036
MinimumVisualStudioVersion = 10.0.40219.1
Project("{2150E333-8FDC-42A3-9474-1A3956D46DE8}") = "Certifications", "Certifications", "{D42F06CD-0184-4660-8E1F-981FFE828346}"
	ProjectSection(SolutionItems) = preProject
		Certifications\BuildAndRun.ps1 = Certifications\BuildAndRun.ps1
		Certifications\docker-compose.yml = Certifications\docker-compose.yml
	EndProjectSection
EndProject
Project("{00D1A9C2-B5F0-4AF3-8072-F6C62B433612}") = "IkeMtz.NRSRx.Certifications.DB", "Certifications\src\IkeMtz.NRSRx.Certifications.DB\IkeMtz.NRSRx.Certifications.DB.sqlproj", "{3F531713-7DAA-4C7F-B1A0-72929CD2BE5C}"
EndProject
Project("{2150E333-8FDC-42A3-9474-1A3956D46DE8}") = "Competencies", "Competencies", "{0B430C2C-44EC-4130-9407-1023122A8A5D}"
	ProjectSection(SolutionItems) = preProject
		Competencies\BuildAndRun.ps1 = Competencies\BuildAndRun.ps1
		Competencies\docker-compose.yml = Competencies\docker-compose.yml
	EndProjectSection
EndProject
Project("{00D1A9C2-B5F0-4AF3-8072-F6C62B433612}") = "IkeMtz.NRSRx.Competencies.DB", "Competencies\src\IkeMtz.NRSRx.Competencies.DB\IkeMtz.NRSRx.Competencies.DB.sqlproj", "{01CABD48-C114-41A3-BCD6-71FB4A05782D}"
EndProject
Project("{2150E333-8FDC-42A3-9474-1A3956D46DE8}") = "Solution Items", "Solution Items", "{43AABCE2-C486-4FDB-A3EE-8996FCA678E0}"
	ProjectSection(SolutionItems) = preProject
		.dockerignore = .dockerignore
		.editorconfig = .editorconfig
		.gitignore = .gitignore
		coverage-converter.ps1 = coverage-converter.ps1
		DB.Dockerfile = DB.Dockerfile
		docker-compose.yml = docker-compose.yml
		dockerpub.ps1 = dockerpub.ps1
		sonarqube-create-project-guids.ps1 = sonarqube-create-project-guids.ps1
		test.RunSettings = test.RunSettings
	EndProjectSection
EndProject
Project("{2150E333-8FDC-42A3-9474-1A3956D46DE8}") = "HealthItems", "HealthItems", "{7207F40F-B5FB-4E27-9E41-6C5CDB46B984}"
	ProjectSection(SolutionItems) = preProject
		HealthItems\BuildAndRun.ps1 = HealthItems\BuildAndRun.ps1
		HealthItems\docker-compose.yml = HealthItems\docker-compose.yml
	EndProjectSection
EndProject
Project("{00D1A9C2-B5F0-4AF3-8072-F6C62B433612}") = "IkeMtz.NRSRx.HealthItems.DB", "HealthItems\src\IkeMtz.NRSRx.HealthItems.DB\IkeMtz.NRSRx.HealthItems.DB.sqlproj", "{D35A352E-951E-4935-90CA-6740C994F0A6}"
EndProject
Project("{2150E333-8FDC-42A3-9474-1A3956D46DE8}") = "Employees", "Employees", "{838DF20F-1763-4DA0-AD5A-4ACC71434A09}"
	ProjectSection(SolutionItems) = preProject
		HealthItems\BuildAndRun.ps1 = HealthItems\BuildAndRun.ps1
		Employees\docker-compose.yml = Employees\docker-compose.yml
	EndProjectSection
EndProject
Project("{00D1A9C2-B5F0-4AF3-8072-F6C62B433612}") = "IkeMtz.NRSRx.Employees.DB", "Employees\src\IkeMtz.NRSRx.Employees.DB\IkeMtz.NRSRx.Employees.DB.sqlproj", "{B5DA0D84-D7DE-4887-8A02-807806AEBCE1}"
EndProject
Project("{2150E333-8FDC-42A3-9474-1A3956D46DE8}") = "MicroServices", "MicroServices", "{F1911B91-79D8-4C75-827C-F08EC86BB71C}"
EndProject
Global
	GlobalSection(SolutionConfigurationPlatforms) = preSolution
		Debug|Any CPU = Debug|Any CPU
		Release|Any CPU = Release|Any CPU
	EndGlobalSection
	GlobalSection(ProjectConfigurationPlatforms) = postSolution
		{3F531713-7DAA-4C7F-B1A0-72929CD2BE5C}.Debug|Any CPU.ActiveCfg = Debug|Any CPU
		{3F531713-7DAA-4C7F-B1A0-72929CD2BE5C}.Debug|Any CPU.Build.0 = Debug|Any CPU
		{3F531713-7DAA-4C7F-B1A0-72929CD2BE5C}.Debug|Any CPU.Deploy.0 = Debug|Any CPU
		{3F531713-7DAA-4C7F-B1A0-72929CD2BE5C}.Release|Any CPU.ActiveCfg = Release|Any CPU
		{3F531713-7DAA-4C7F-B1A0-72929CD2BE5C}.Release|Any CPU.Build.0 = Release|Any CPU
		{3F531713-7DAA-4C7F-B1A0-72929CD2BE5C}.Release|Any CPU.Deploy.0 = Release|Any CPU
		{01CABD48-C114-41A3-BCD6-71FB4A05782D}.Debug|Any CPU.ActiveCfg = Debug|Any CPU
		{01CABD48-C114-41A3-BCD6-71FB4A05782D}.Debug|Any CPU.Build.0 = Debug|Any CPU
		{01CABD48-C114-41A3-BCD6-71FB4A05782D}.Debug|Any CPU.Deploy.0 = Debug|Any CPU
		{01CABD48-C114-41A3-BCD6-71FB4A05782D}.Release|Any CPU.ActiveCfg = Release|Any CPU
		{01CABD48-C114-41A3-BCD6-71FB4A05782D}.Release|Any CPU.Build.0 = Release|Any CPU
		{01CABD48-C114-41A3-BCD6-71FB4A05782D}.Release|Any CPU.Deploy.0 = Release|Any CPU
		{D35A352E-951E-4935-90CA-6740C994F0A6}.Debug|Any CPU.ActiveCfg = Debug|Any CPU
		{D35A352E-951E-4935-90CA-6740C994F0A6}.Debug|Any CPU.Build.0 = Debug|Any CPU
		{D35A352E-951E-4935-90CA-6740C994F0A6}.Debug|Any CPU.Deploy.0 = Debug|Any CPU
		{D35A352E-951E-4935-90CA-6740C994F0A6}.Release|Any CPU.ActiveCfg = Release|Any CPU
		{D35A352E-951E-4935-90CA-6740C994F0A6}.Release|Any CPU.Build.0 = Release|Any CPU
		{D35A352E-951E-4935-90CA-6740C994F0A6}.Release|Any CPU.Deploy.0 = Release|Any CPU
		{B5DA0D84-D7DE-4887-8A02-807806AEBCE1}.Debug|Any CPU.ActiveCfg = Debug|Any CPU
		{B5DA0D84-D7DE-4887-8A02-807806AEBCE1}.Debug|Any CPU.Build.0 = Debug|Any CPU
		{B5DA0D84-D7DE-4887-8A02-807806AEBCE1}.Debug|Any CPU.Deploy.0 = Debug|Any CPU
		{B5DA0D84-D7DE-4887-8A02-807806AEBCE1}.Release|Any CPU.ActiveCfg = Release|Any CPU
		{B5DA0D84-D7DE-4887-8A02-807806AEBCE1}.Release|Any CPU.Build.0 = Release|Any CPU
		{B5DA0D84-D7DE-4887-8A02-807806AEBCE1}.Release|Any CPU.Deploy.0 = Release|Any CPU
	EndGlobalSection
	GlobalSection(SolutionProperties) = preSolution
		HideSolutionNode = FALSE
	EndGlobalSection
	GlobalSection(NestedProjects) = preSolution
		{D42F06CD-0184-4660-8E1F-981FFE828346} = {F1911B91-79D8-4C75-827C-F08EC86BB71C}
		{3F531713-7DAA-4C7F-B1A0-72929CD2BE5C} = {D42F06CD-0184-4660-8E1F-981FFE828346}
		{0B430C2C-44EC-4130-9407-1023122A8A5D} = {F1911B91-79D8-4C75-827C-F08EC86BB71C}
		{01CABD48-C114-41A3-BCD6-71FB4A05782D} = {0B430C2C-44EC-4130-9407-1023122A8A5D}
		{7207F40F-B5FB-4E27-9E41-6C5CDB46B984} = {F1911B91-79D8-4C75-827C-F08EC86BB71C}
		{D35A352E-951E-4935-90CA-6740C994F0A6} = {7207F40F-B5FB-4E27-9E41-6C5CDB46B984}
		{838DF20F-1763-4DA0-AD5A-4ACC71434A09} = {F1911B91-79D8-4C75-827C-F08EC86BB71C}
		{B5DA0D84-D7DE-4887-8A02-807806AEBCE1} = {838DF20F-1763-4DA0-AD5A-4ACC71434A09}
	EndGlobalSection
	GlobalSection(ExtensibilityGlobals) = postSolution
		SolutionGuid = {732E1F3F-B568-4200-A07F-E71B9B63ECD4}
	EndGlobalSection
EndGlobal
